
Microsoft Visual Studio Solution File, Format Version 12.00
# Visual Studio Version 17
VisualStudioVersion = 17.0.32014.148
MinimumVisualStudioVersion = 10.0.40219.1
Project("{9A19103F-16F7-4668-BE54-9A1E7A4F7556}") = "SSTWeb", "SSTWeb\SSTWeb.csproj", "{1A2A1112-7F50-4825-BE5A-FBBC0E8C42C8}"
EndProject
Project("{9A19103F-16F7-4668-BE54-9A1E7A4F7556}") = "SSTDataAccessLibrary", "SSTDataAccessLibrary\SSTDataAccessLibrary.csproj", "{B73282FC-6635-4772-87EC-D9F5376555B8}"
EndProject
Project("{FAE04EC0-301F-11D3-BF4B-00C04F79EFBC}") = "EmailService", "EmailService\EmailService.csproj", "{A26EB813-846D-49E7-9C01-9577E608288C}"
EndProject
Global
	GlobalSection(SolutionConfigurationPlatforms) = preSolution
		Debug|Any CPU = Debug|Any CPU
		Release|Any CPU = Release|Any CPU
	EndGlobalSection
	GlobalSection(ProjectConfigurationPlatforms) = postSolution
		{1A2A1112-7F50-4825-BE5A-FBBC0E8C42C8}.Debug|Any CPU.ActiveCfg = Debug|Any CPU
		{1A2A1112-7F50-4825-BE5A-FBBC0E8C42C8}.Debug|Any CPU.Build.0 = Debug|Any CPU
		{1A2A1112-7F50-4825-BE5A-FBBC0E8C42C8}.Release|Any CPU.ActiveCfg = Release|Any CPU
		{1A2A1112-7F50-4825-BE5A-FBBC0E8C42C8}.Release|Any CPU.Build.0 = Release|Any CPU
		{B73282FC-6635-4772-87EC-D9F5376555B8}.Debug|Any CPU.ActiveCfg = Debug|Any CPU
		{B73282FC-6635-4772-87EC-D9F5376555B8}.Debug|Any CPU.Build.0 = Debug|Any CPU
		{B73282FC-6635-4772-87EC-D9F5376555B8}.Release|Any CPU.ActiveCfg = Release|Any CPU
		{B73282FC-6635-4772-87EC-D9F5376555B8}.Release|Any CPU.Build.0 = Release|Any CPU
		{A26EB813-846D-49E7-9C01-9577E608288C}.Debug|Any CPU.ActiveCfg = Debug|Any CPU
		{A26EB813-846D-49E7-9C01-9577E608288C}.Debug|Any CPU.Build.0 = Debug|Any CPU
		{A26EB813-846D-49E7-9C01-9577E608288C}.Release|Any CPU.ActiveCfg = Release|Any CPU
		{A26EB813-846D-49E7-9C01-9577E608288C}.Release|Any CPU.Build.0 = Release|Any CPU
	EndGlobalSection
	GlobalSection(SolutionProperties) = preSolution
		HideSolutionNode = FALSE
	EndGlobalSection
	GlobalSection(ExtensibilityGlobals) = postSolution
		SolutionGuid = {FDD9A27E-A4AF-465C-ACE9-3F87AB5EAE39}
	EndGlobalSection
EndGlobal
